
Microsoft Visual Studio Solution File, Format Version 12.00
# Visual Studio Version 16
VisualStudioVersion = 16.0.29709.97
MinimumVisualStudioVersion = 10.0.40219.1
Project("{FAE04EC0-301F-11D3-BF4B-00C04F79EFBC}") = "Dsl", "Dsl\Dsl.csproj", "{45578947-4598-4B29-AB51-85A4CE7ADF72}"
EndProject
Project("{FAE04EC0-301F-11D3-BF4B-00C04F79EFBC}") = "DslPackage", "DslPackage\DslPackage.csproj", "{989CD265-D6C4-43FF-8F3B-665FB8A03D67}"
EndProject
Global
	GlobalSection(SolutionConfigurationPlatforms) = preSolution
		Debug|Any CPU = Debug|Any CPU
		Release|Any CPU = Release|Any CPU
	EndGlobalSection
	GlobalSection(ProjectConfigurationPlatforms) = postSolution
		{45578947-4598-4B29-AB51-85A4CE7ADF72}.Debug|Any CPU.ActiveCfg = Debug|Any CPU
		{45578947-4598-4B29-AB51-85A4CE7ADF72}.Debug|Any CPU.Build.0 = Debug|Any CPU
		{45578947-4598-4B29-AB51-85A4CE7ADF72}.Release|Any CPU.ActiveCfg = Release|Any CPU
		{45578947-4598-4B29-AB51-85A4CE7ADF72}.Release|Any CPU.Build.0 = Release|Any CPU
		{989CD265-D6C4-43FF-8F3B-665FB8A03D67}.Debug|Any CPU.ActiveCfg = Debug|Any CPU
		{989CD265-D6C4-43FF-8F3B-665FB8A03D67}.Debug|Any CPU.Build.0 = Debug|Any CPU
		{989CD265-D6C4-43FF-8F3B-665FB8A03D67}.Release|Any CPU.ActiveCfg = Release|Any CPU
		{989CD265-D6C4-43FF-8F3B-665FB8A03D67}.Release|Any CPU.Build.0 = Release|Any CPU
	EndGlobalSection
	GlobalSection(SolutionProperties) = preSolution
		HideSolutionNode = FALSE
	EndGlobalSection
	GlobalSection(ExtensibilityGlobals) = postSolution
		SolutionGuid = {69B03FF3-A05D-4BC2-A23B-F9066612F9E9}
	EndGlobalSection
EndGlobal
